# This file was autogenerated by Stack.
# You should not edit this file by hand.
# For more information, please see the documentation at:
#   https://docs.haskellstack.org/en/stable/lock_files

packages:
- completed:
    commit: b57f37331ff4817b1a29337230711e2a4914fe64
    git: https://github.com/fizruk/free-foil.git
    name: free-foil
    pantry-tree:
      sha256: ba4f7b29193d305ad570316dbe90083536e83d1b02454245513b67129df5b78f
      size: 2182
    subdir: haskell/free-foil
    version: 0.2.0
  original:
    commit: b57f37331ff4817b1a29337230711e2a4914fe64
    git: https://github.com/fizruk/free-foil.git
    subdir: haskell/free-foil
- completed:
    hackage: kind-generics-th-0.2.3.3@sha256:fc5f3aee46725e048a0159d73612a5d86c30017cd24ebab764347b65cffbd1d4,1519
    pantry-tree:
      sha256: 5dd528fca535a2b51cd45883520bc2fd86aca078436132bee42fa21218a21a2a
      size: 328
  original:
    hackage: kind-generics-th-0.2.3.3@sha256:fc5f3aee46725e048a0159d73612a5d86c30017cd24ebab764347b65cffbd1d4,1519
snapshots:
- completed:
    sha256: 867086a789eaf6da9f48a56bb5e8bfd6df27b120023c144cc7bbec5c95717915
    size: 669588
    url: https://raw.githubusercontent.com/commercialhaskell/stackage-snapshots/master/nightly/2024/10/21.yaml
  original: nightly-2024-10-21
